# THIS IS AN AUTOGENERATED FILE. DO NOT EDIT THIS FILE DIRECTLY.
# yarn lockfile v1


"@chemzqm/neovim@4.4.1":
  version "4.4.1"
  resolved "https://registry.yarnpkg.com/@chemzqm/neovim/-/neovim-4.4.1.tgz#b42cda81fdc643d82c77ab7c379a2419d18dbbf7"
  dependencies:
    msgpack-lite "^0.1.26"
    traverse "^0.6.6"

"@types/node@^11.11.7":
  version "11.11.7"
  resolved "https://registry.yarnpkg.com/@types/node/-/node-11.11.7.tgz#f1c35a906b82adae76ede5ab0d2088e58fa37843"

"@types/q@^1.5.1":
  version "1.5.2"
  resolved "https://registry.yarnpkg.com/@types/q/-/q-1.5.2.tgz#690a1475b84f2a884fd07cd797c00f5f31356ea8"

"@types/svgo@^1.0.1":
  version "1.0.1"
  resolved "https://registry.yarnpkg.com/@types/svgo/-/svgo-1.0.1.tgz#6095fc0119febcf5920ed9cdacdcc0a0d026e4a5"

ansi-styles@^3.2.1:
  version "3.2.1"
  resolved "https://registry.yarnpkg.com/ansi-styles/-/ansi-styles-3.2.1.tgz#41fbb20243e50b12be0f04b8dedbf07520ce841d"
  dependencies:
    color-convert "^1.9.0"

argparse@^1.0.7:
  version "1.0.10"
  resolved "https://registry.yarnpkg.com/argparse/-/argparse-1.0.10.tgz#bcd6791ea5ae09725e17e5ad988134cd40b3d911"
  dependencies:
    sprintf-js "~1.0.2"

async@^2.6.1:
  version "2.6.2"
  resolved "https://registry.yarnpkg.com/async/-/async-2.6.2.tgz#18330ea7e6e313887f5d2f2a904bac6fe4dd5381"
  dependencies:
    lodash "^4.17.11"

balanced-match@^1.0.0:
  version "1.0.0"
  resolved "https://registry.yarnpkg.com/balanced-match/-/balanced-match-1.0.0.tgz#89b4d199ab2bee49de164ea02b89ce462d71b767"

boolbase@^1.0.0, boolbase@~1.0.0:
  version "1.0.0"
  resolved "https://registry.yarnpkg.com/boolbase/-/boolbase-1.0.0.tgz#68dff5fbe60c51eb37725ea9e3ed310dcc1e776e"

brace-expansion@^1.1.7:
  version "1.1.11"
  resolved "https://registry.yarnpkg.com/brace-expansion/-/brace-expansion-1.1.11.tgz#3c7fcbf529d87226f3d2f52b966ff5271eb441dd"
  dependencies:
    balanced-match "^1.0.0"
    concat-map "0.0.1"

bser@^2.0.0:
  version "2.0.0"
  resolved "https://registry.yarnpkg.com/bser/-/bser-2.0.0.tgz#9ac78d3ed5d915804fd87acb158bc797147a1719"
  dependencies:
    node-int64 "^0.4.0"

chalk@^2.4.1:
  version "2.4.2"
  resolved "https://registry.yarnpkg.com/chalk/-/chalk-2.4.2.tgz#cd42541677a54333cf541a49108c1432b44c9424"
  dependencies:
    ansi-styles "^3.2.1"
    escape-string-regexp "^1.0.5"
    supports-color "^5.3.0"

coa@^2.0.2:
  version "2.0.2"
  resolved "https://registry.yarnpkg.com/coa/-/coa-2.0.2.tgz#43f6c21151b4ef2bf57187db0d73de229e3e7ec3"
  dependencies:
    "@types/q" "^1.5.1"
    chalk "^2.4.1"
    q "^1.1.2"

coc.nvim@^0.0.62:
  version "0.0.62"
  resolved "https://registry.yarnpkg.com/coc.nvim/-/coc.nvim-0.0.62.tgz#49557e9bc95ce3627df66914b787be982374d986"
  dependencies:
    "@chemzqm/neovim" "4.4.1"
    debounce "^1.2.0"
    fast-diff "^1.2.0"
    fb-watchman "^2.0.0"
    find-up "^3.0.0"
    glob "^7.1.3"
    isuri "^2.0.3"
    jsonc-parser "^2.0.3"
    log4js "^4.0.2"
    minimatch "^3.0.4"
    semver "^5.6.0"
    tslib "^1.9.3"
    uuid "^3.3.2"
    vscode-languageserver-protocol "^3.15.0-next.1"
    vscode-languageserver-types "^3.14.0"
    vscode-uri "^1.0.6"
    which "^1.3.1"

color-convert@^1.9.0:
  version "1.9.3"
  resolved "https://registry.yarnpkg.com/color-convert/-/color-convert-1.9.3.tgz#bb71850690e1f136567de629d2d5471deda4c1e8"
  dependencies:
    color-name "1.1.3"

color-name@1.1.3:
  version "1.1.3"
  resolved "https://registry.yarnpkg.com/color-name/-/color-name-1.1.3.tgz#a7d0558bd89c42f795dd42328f740831ca53bc25"

colors@^1.1.2:
  version "1.3.3"
  resolved "https://registry.yarnpkg.com/colors/-/colors-1.3.3.tgz#39e005d546afe01e01f9c4ca8fa50f686a01205d"

concat-map@0.0.1:
  version "0.0.1"
  resolved "https://registry.yarnpkg.com/concat-map/-/concat-map-0.0.1.tgz#d8a96bd77fd68df7793a73036a3ba0d5405d477b"

css-select-base-adapter@^0.1.1:
  version "0.1.1"
  resolved "https://registry.yarnpkg.com/css-select-base-adapter/-/css-select-base-adapter-0.1.1.tgz#3b2ff4972cc362ab88561507a95408a1432135d7"

css-select@^2.0.0:
  version "2.0.2"
  resolved "https://registry.yarnpkg.com/css-select/-/css-select-2.0.2.tgz#ab4386cec9e1f668855564b17c3733b43b2a5ede"
  dependencies:
    boolbase "^1.0.0"
    css-what "^2.1.2"
    domutils "^1.7.0"
    nth-check "^1.0.2"

css-tree@1.0.0-alpha.28:
  version "1.0.0-alpha.28"
  resolved "https://registry.yarnpkg.com/css-tree/-/css-tree-1.0.0-alpha.28.tgz#8e8968190d886c9477bc8d61e96f61af3f7ffa7f"
  dependencies:
    mdn-data "~1.1.0"
    source-map "^0.5.3"

css-tree@1.0.0-alpha.29:
  version "1.0.0-alpha.29"
  resolved "https://registry.yarnpkg.com/css-tree/-/css-tree-1.0.0-alpha.29.tgz#3fa9d4ef3142cbd1c301e7664c1f352bd82f5a39"
  dependencies:
    mdn-data "~1.1.0"
    source-map "^0.5.3"

css-url-regex@^1.1.0:
  version "1.1.0"
  resolved "https://registry.yarnpkg.com/css-url-regex/-/css-url-regex-1.1.0.tgz#83834230cc9f74c457de59eebd1543feeb83b7ec"

css-what@^2.1.2:
  version "2.1.3"
  resolved "https://registry.yarnpkg.com/css-what/-/css-what-2.1.3.tgz#a6d7604573365fe74686c3f311c56513d88285f2"

csso@^3.5.1:
  version "3.5.1"
  resolved "https://registry.yarnpkg.com/csso/-/csso-3.5.1.tgz#7b9eb8be61628973c1b261e169d2f024008e758b"
  dependencies:
    css-tree "1.0.0-alpha.29"

date-format@^2.0.0:
  version "2.0.0"
  resolved "https://registry.yarnpkg.com/date-format/-/date-format-2.0.0.tgz#7cf7b172f1ec564f0003b39ea302c5498fb98c8f"

debounce@^1.2.0:
  version "1.2.0"
  resolved "https://registry.yarnpkg.com/debounce/-/debounce-1.2.0.tgz#44a540abc0ea9943018dc0eaa95cce87f65cd131"

debug@^3.1.0:
  version "3.2.6"
  resolved "https://registry.yarnpkg.com/debug/-/debug-3.2.6.tgz#e83d17de16d8a7efb7717edbe5fb10135eee629b"
  dependencies:
    ms "^2.1.1"

define-properties@^1.1.2, define-properties@^1.1.3:
  version "1.1.3"
  resolved "https://registry.yarnpkg.com/define-properties/-/define-properties-1.1.3.tgz#cf88da6cbee26fe6db7094f61d870cbd84cee9f1"
  dependencies:
    object-keys "^1.0.12"

dom-serializer@0:
  version "0.1.1"
  resolved "https://registry.yarnpkg.com/dom-serializer/-/dom-serializer-0.1.1.tgz#1ec4059e284babed36eec2941d4a970a189ce7c0"
  dependencies:
    domelementtype "^1.3.0"
    entities "^1.1.1"

domelementtype@1, domelementtype@^1.3.0:
  version "1.3.1"
  resolved "https://registry.yarnpkg.com/domelementtype/-/domelementtype-1.3.1.tgz#d048c44b37b0d10a7f2a3d5fee3f4333d790481f"

domutils@^1.7.0:
  version "1.7.0"
  resolved "https://registry.yarnpkg.com/domutils/-/domutils-1.7.0.tgz#56ea341e834e06e6748af7a1cb25da67ea9f8c2a"
  dependencies:
    dom-serializer "0"
    domelementtype "1"

entities@^1.1.1:
  version "1.1.2"
  resolved "https://registry.yarnpkg.com/entities/-/entities-1.1.2.tgz#bdfa735299664dfafd34529ed4f8522a275fea56"

es-abstract@^1.12.0, es-abstract@^1.5.1:
  version "1.13.0"
  resolved "https://registry.yarnpkg.com/es-abstract/-/es-abstract-1.13.0.tgz#ac86145fdd5099d8dd49558ccba2eaf9b88e24e9"
  dependencies:
    es-to-primitive "^1.2.0"
    function-bind "^1.1.1"
    has "^1.0.3"
    is-callable "^1.1.4"
    is-regex "^1.0.4"
    object-keys "^1.0.12"

es-to-primitive@^1.2.0:
  version "1.2.0"
  resolved "https://registry.yarnpkg.com/es-to-primitive/-/es-to-primitive-1.2.0.tgz#edf72478033456e8dda8ef09e00ad9650707f377"
  dependencies:
    is-callable "^1.1.4"
    is-date-object "^1.0.1"
    is-symbol "^1.0.2"

escape-string-regexp@^1.0.5:
  version "1.0.5"
  resolved "https://registry.yarnpkg.com/escape-string-regexp/-/escape-string-regexp-1.0.5.tgz#1b61c0562190a8dff6ae3bb2cf0200ca130b86d4"

esprima@^4.0.0:
  version "4.0.1"
  resolved "https://registry.yarnpkg.com/esprima/-/esprima-4.0.1.tgz#13b04cdb3e6c5d19df91ab6987a8695619b0aa71"

event-lite@^0.1.1:
  version "0.1.2"
  resolved "https://registry.yarnpkg.com/event-lite/-/event-lite-0.1.2.tgz#838a3e0fdddef8cc90f128006c8e55a4e4e4c11b"

fast-diff@^1.2.0:
  version "1.2.0"
  resolved "https://registry.yarnpkg.com/fast-diff/-/fast-diff-1.2.0.tgz#73ee11982d86caaf7959828d519cfe927fac5f03"

fb-watchman@^2.0.0:
  version "2.0.0"
  resolved "https://registry.yarnpkg.com/fb-watchman/-/fb-watchman-2.0.0.tgz#54e9abf7dfa2f26cd9b1636c588c1afc05de5d58"
  dependencies:
    bser "^2.0.0"

find-up@^3.0.0:
  version "3.0.0"
  resolved "https://registry.yarnpkg.com/find-up/-/find-up-3.0.0.tgz#49169f1d7993430646da61ecc5ae355c21c97b73"
  dependencies:
    locate-path "^3.0.0"

flatted@^2.0.0:
  version "2.0.0"
  resolved "https://registry.yarnpkg.com/flatted/-/flatted-2.0.0.tgz#55122b6536ea496b4b44893ee2608141d10d9916"

fs-extra@^7.0.0:
  version "7.0.1"
  resolved "https://registry.yarnpkg.com/fs-extra/-/fs-extra-7.0.1.tgz#4f189c44aa123b895f722804f55ea23eadc348e9"
  dependencies:
    graceful-fs "^4.1.2"
    jsonfile "^4.0.0"
    universalify "^0.1.0"

fs.realpath@^1.0.0:
  version "1.0.0"
  resolved "https://registry.yarnpkg.com/fs.realpath/-/fs.realpath-1.0.0.tgz#1504ad2523158caa40db4a2787cb01411994ea4f"

function-bind@^1.1.1:
  version "1.1.1"
  resolved "https://registry.yarnpkg.com/function-bind/-/function-bind-1.1.1.tgz#a56899d3ea3c9bab874bb9773b7c5ede92f4895d"

glob@^7.1.3:
  version "7.1.3"
  resolved "https://registry.yarnpkg.com/glob/-/glob-7.1.3.tgz#3960832d3f1574108342dafd3a67b332c0969df1"
  dependencies:
    fs.realpath "^1.0.0"
    inflight "^1.0.4"
    inherits "2"
    minimatch "^3.0.4"
    once "^1.3.0"
    path-is-absolute "^1.0.0"

graceful-fs@^4.1.2, graceful-fs@^4.1.6:
  version "4.1.15"
  resolved "https://registry.yarnpkg.com/graceful-fs/-/graceful-fs-4.1.15.tgz#ffb703e1066e8a0eeaa4c8b80ba9253eeefbfb00"

has-flag@^3.0.0:
  version "3.0.0"
  resolved "https://registry.yarnpkg.com/has-flag/-/has-flag-3.0.0.tgz#b5d454dc2199ae225699f3467e5a07f3b955bafd"

has-symbols@^1.0.0:
  version "1.0.0"
  resolved "https://registry.yarnpkg.com/has-symbols/-/has-symbols-1.0.0.tgz#ba1a8f1af2a0fc39650f5c850367704122063b44"

has@^1.0.1, has@^1.0.3:
  version "1.0.3"
  resolved "https://registry.yarnpkg.com/has/-/has-1.0.3.tgz#722d7cbfc1f6aa8241f16dd814e011e1f41e8796"
  dependencies:
    function-bind "^1.1.1"

ieee754@^1.1.8:
  version "1.1.12"
  resolved "https://registry.yarnpkg.com/ieee754/-/ieee754-1.1.12.tgz#50bf24e5b9c8bb98af4964c941cdb0918da7b60b"

inflight@^1.0.4:
  version "1.0.6"
  resolved "https://registry.yarnpkg.com/inflight/-/inflight-1.0.6.tgz#49bd6331d7d02d0c09bc910a1075ba8165b56df9"
  dependencies:
    once "^1.3.0"
    wrappy "1"

inherits@2:
  version "2.0.3"
  resolved "https://registry.yarnpkg.com/inherits/-/inherits-2.0.3.tgz#633c2c83e3da42a502f52466022480f4208261de"

int64-buffer@^0.1.9:
  version "0.1.10"
  resolved "https://registry.yarnpkg.com/int64-buffer/-/int64-buffer-0.1.10.tgz#277b228a87d95ad777d07c13832022406a473423"

is-callable@^1.1.4:
  version "1.1.4"
  resolved "https://registry.yarnpkg.com/is-callable/-/is-callable-1.1.4.tgz#1e1adf219e1eeb684d691f9d6a05ff0d30a24d75"

is-date-object@^1.0.1:
  version "1.0.1"
  resolved "https://registry.yarnpkg.com/is-date-object/-/is-date-object-1.0.1.tgz#9aa20eb6aeebbff77fbd33e74ca01b33581d3a16"

is-regex@^1.0.4:
  version "1.0.4"
  resolved "https://registry.yarnpkg.com/is-regex/-/is-regex-1.0.4.tgz#5517489b547091b0930e095654ced25ee97e9491"
  dependencies:
    has "^1.0.1"

is-symbol@^1.0.2:
  version "1.0.2"
  resolved "https://registry.yarnpkg.com/is-symbol/-/is-symbol-1.0.2.tgz#a055f6ae57192caee329e7a860118b497a950f38"
  dependencies:
    has-symbols "^1.0.0"

isarray@^1.0.0:
  version "1.0.0"
  resolved "https://registry.yarnpkg.com/isarray/-/isarray-1.0.0.tgz#bb935d48582cba168c06834957a54a3e07124f11"

isexe@^2.0.0:
  version "2.0.0"
  resolved "https://registry.yarnpkg.com/isexe/-/isexe-2.0.0.tgz#e8fbf374dc556ff8947a10dcb0572d633f2cfa10"

isuri@^2.0.3:
  version "2.0.3"
  resolved "https://registry.yarnpkg.com/isuri/-/isuri-2.0.3.tgz#3437121db2fe65af0ba080b7e1a8636f632cca91"
  dependencies:
    rfc-3986 "1.0.1"

js-yaml@^3.13.1:
  version "3.13.1"
  resolved "https://registry.yarnpkg.com/js-yaml/-/js-yaml-3.13.1.tgz#aff151b30bfdfa8e49e05da22e7415e9dfa37847"
  dependencies:
    argparse "^1.0.7"
    esprima "^4.0.0"

jsonc-parser@^2.0.3:
  version "2.0.3"
  resolved "https://registry.yarnpkg.com/jsonc-parser/-/jsonc-parser-2.0.3.tgz#6d4199ccab7f21ff5d2a4225050c54e981fb21a2"

jsonfile@^4.0.0:
  version "4.0.0"
  resolved "https://registry.yarnpkg.com/jsonfile/-/jsonfile-4.0.0.tgz#8771aae0799b64076b76640fca058f9c10e33ecb"
  optionalDependencies:
    graceful-fs "^4.1.6"

locate-path@^3.0.0:
  version "3.0.0"
  resolved "https://registry.yarnpkg.com/locate-path/-/locate-path-3.0.0.tgz#dbec3b3ab759758071b58fe59fc41871af21400e"
  dependencies:
    p-locate "^3.0.0"
    path-exists "^3.0.0"

lodash@^4.17.10, lodash@^4.17.11:
  version "4.17.14"
  resolved "https://registry.yarnpkg.com/lodash/-/lodash-4.17.14.tgz#9ce487ae66c96254fe20b599f21b6816028078ba"

log4js@^4.0.2:
  version "4.0.2"
  resolved "https://registry.yarnpkg.com/log4js/-/log4js-4.0.2.tgz#0c73e623ca4448669653eb0e9f629beacc7fbbe3"
  dependencies:
    date-format "^2.0.0"
    debug "^3.1.0"
    flatted "^2.0.0"
    rfdc "^1.1.2"
    streamroller "^1.0.1"

mdn-data@~1.1.0:
  version "1.1.4"
  resolved "https://registry.yarnpkg.com/mdn-data/-/mdn-data-1.1.4.tgz#50b5d4ffc4575276573c4eedb8780812a8419f01"

minimatch@^3.0.4:
  version "3.0.4"
  resolved "https://registry.yarnpkg.com/minimatch/-/minimatch-3.0.4.tgz#5166e286457f03306064be5497e8dbb0c3d32083"
  dependencies:
    brace-expansion "^1.1.7"

minimist@0.0.8:
  version "0.0.8"
  resolved "https://registry.yarnpkg.com/minimist/-/minimist-0.0.8.tgz#857fcabfc3397d2625b8228262e86aa7a011b05d"

mkdirp@~0.5.1:
  version "0.5.1"
  resolved "https://registry.yarnpkg.com/mkdirp/-/mkdirp-0.5.1.tgz#30057438eac6cf7f8c4767f38648d6697d75c903"
  dependencies:
    minimist "0.0.8"

ms@^2.1.1:
  version "2.1.1"
  resolved "https://registry.yarnpkg.com/ms/-/ms-2.1.1.tgz#30a5864eb3ebb0a66f2ebe6d727af06a09d86e0a"

msgpack-lite@^0.1.26:
  version "0.1.26"
  resolved "https://registry.yarnpkg.com/msgpack-lite/-/msgpack-lite-0.1.26.tgz#dd3c50b26f059f25e7edee3644418358e2a9ad89"
  dependencies:
    event-lite "^0.1.1"
    ieee754 "^1.1.8"
    int64-buffer "^0.1.9"
    isarray "^1.0.0"

node-int64@^0.4.0:
  version "0.4.0"
  resolved "https://registry.yarnpkg.com/node-int64/-/node-int64-0.4.0.tgz#87a9065cdb355d3182d8f94ce11188b825c68a3b"

nth-check@^1.0.2:
  version "1.0.2"
  resolved "https://registry.yarnpkg.com/nth-check/-/nth-check-1.0.2.tgz#b2bd295c37e3dd58a3bf0700376663ba4d9cf05c"
  dependencies:
    boolbase "~1.0.0"

object-keys@^1.0.12:
  version "1.1.1"
  resolved "https://registry.yarnpkg.com/object-keys/-/object-keys-1.1.1.tgz#1c47f272df277f3b1daf061677d9c82e2322c60e"

object.getownpropertydescriptors@^2.0.3:
  version "2.0.3"
  resolved "https://registry.yarnpkg.com/object.getownpropertydescriptors/-/object.getownpropertydescriptors-2.0.3.tgz#8758c846f5b407adab0f236e0986f14b051caa16"
  dependencies:
    define-properties "^1.1.2"
    es-abstract "^1.5.1"

object.values@^1.1.0:
  version "1.1.0"
  resolved "https://registry.yarnpkg.com/object.values/-/object.values-1.1.0.tgz#bf6810ef5da3e5325790eaaa2be213ea84624da9"
  dependencies:
    define-properties "^1.1.3"
    es-abstract "^1.12.0"
    function-bind "^1.1.1"
    has "^1.0.3"

once@^1.3.0:
  version "1.4.0"
  resolved "https://registry.yarnpkg.com/once/-/once-1.4.0.tgz#583b1aa775961d4b113ac17d9c50baef9dd76bd1"
  dependencies:
    wrappy "1"

p-limit@^2.0.0:
  version "2.2.0"
  resolved "https://registry.yarnpkg.com/p-limit/-/p-limit-2.2.0.tgz#417c9941e6027a9abcba5092dd2904e255b5fbc2"
  dependencies:
    p-try "^2.0.0"

p-locate@^3.0.0:
  version "3.0.0"
  resolved "https://registry.yarnpkg.com/p-locate/-/p-locate-3.0.0.tgz#322d69a05c0264b25997d9f40cd8a891ab0064a4"
  dependencies:
    p-limit "^2.0.0"

p-try@^2.0.0:
  version "2.1.0"
  resolved "https://registry.yarnpkg.com/p-try/-/p-try-2.1.0.tgz#c1a0f1030e97de018bb2c718929d2af59463e505"

path-exists@^3.0.0:
  version "3.0.0"
  resolved "https://registry.yarnpkg.com/path-exists/-/path-exists-3.0.0.tgz#ce0ebeaa5f78cb18925ea7d810d7b59b010fd515"

path-is-absolute@^1.0.0:
  version "1.0.1"
  resolved "https://registry.yarnpkg.com/path-is-absolute/-/path-is-absolute-1.0.1.tgz#174b9268735534ffbc7ace6bf53a5a9e1b5c5f5f"

q@^1.1.2:
  version "1.5.1"
  resolved "https://registry.yarnpkg.com/q/-/q-1.5.1.tgz#7e32f75b41381291d04611f1bf14109ac00651d7"

rfc-3986@1.0.1:
  version "1.0.1"
  resolved "https://registry.yarnpkg.com/rfc-3986/-/rfc-3986-1.0.1.tgz#eeeb88342fadbe8027c0f36ada921a13e6f96206"

rfdc@^1.1.2:
  version "1.1.2"
  resolved "https://registry.yarnpkg.com/rfdc/-/rfdc-1.1.2.tgz#e6e72d74f5dc39de8f538f65e00c36c18018e349"

sax@~1.2.4:
  version "1.2.4"
  resolved "https://registry.yarnpkg.com/sax/-/sax-1.2.4.tgz#2816234e2378bddc4e5354fab5caa895df7100d9"

semver@^5.6.0:
  version "5.6.0"
  resolved "https://registry.yarnpkg.com/semver/-/semver-5.6.0.tgz#7e74256fbaa49c75aa7c7a205cc22799cac80004"

source-map@^0.5.3:
  version "0.5.7"
  resolved "https://registry.yarnpkg.com/source-map/-/source-map-0.5.7.tgz#8a039d2d1021d22d1ea14c80d8ea468ba2ef3fcc"

sprintf-js@^1.0.3:
  version "1.1.2"
  resolved "https://registry.yarnpkg.com/sprintf-js/-/sprintf-js-1.1.2.tgz#da1765262bf8c0f571749f2ad6c26300207ae673"

sprintf-js@~1.0.2:
  version "1.0.3"
  resolved "https://registry.yarnpkg.com/sprintf-js/-/sprintf-js-1.0.3.tgz#04e6926f662895354f3dd015203633b857297e2c"

stable@^0.1.8:
  version "0.1.8"
  resolved "https://registry.yarnpkg.com/stable/-/stable-0.1.8.tgz#836eb3c8382fe2936feaf544631017ce7d47a3cf"

streamroller@^1.0.1:
  version "1.0.3"
  resolved "https://registry.yarnpkg.com/streamroller/-/streamroller-1.0.3.tgz#cb51e7e382f799a9381a5d7490ce3053b325fba3"
  dependencies:
    async "^2.6.1"
    date-format "^2.0.0"
    debug "^3.1.0"
    fs-extra "^7.0.0"
    lodash "^4.17.10"

supports-color@^5.3.0:
  version "5.5.0"
  resolved "https://registry.yarnpkg.com/supports-color/-/supports-color-5.5.0.tgz#e2e69a44ac8772f78a1ec0b35b689df6530efc8f"
  dependencies:
    has-flag "^3.0.0"

svgo@^1.0.1:
  version "1.2.2"
  resolved "https://registry.yarnpkg.com/svgo/-/svgo-1.2.2.tgz#0253d34eccf2aed4ad4f283e11ee75198f9d7316"
  dependencies:
    chalk "^2.4.1"
    coa "^2.0.2"
    css-select "^2.0.0"
    css-select-base-adapter "^0.1.1"
    css-tree "1.0.0-alpha.28"
    css-url-regex "^1.1.0"
    csso "^3.5.1"
    js-yaml "^3.13.1"
    mkdirp "~0.5.1"
    object.values "^1.1.0"
    sax "~1.2.4"
    stable "^0.1.8"
    unquote "~1.1.1"
    util.promisify "~1.0.0"

traverse@^0.6.6:
  version "0.6.6"
  resolved "https://registry.yarnpkg.com/traverse/-/traverse-0.6.6.tgz#cbdf560fd7b9af632502fed40f918c157ea97137"

tslib@^1.10.0:
  version "1.10.0"
  resolved "https://registry.yarnpkg.com/tslib/-/tslib-1.10.0.tgz#c3c19f95973fb0a62973fb09d90d961ee43e5c8a"

tslib@^1.9.3:
  version "1.9.3"
  resolved "https://registry.yarnpkg.com/tslib/-/tslib-1.9.3.tgz#d7e4dd79245d85428c4d7e4822a79917954ca286"

typescript@^3.3.4000:
  version "3.3.4000"
  resolved "https://registry.yarnpkg.com/typescript/-/typescript-3.3.4000.tgz#76b0f89cfdbf97827e1112d64f283f1151d6adf0"

universalify@^0.1.0:
  version "0.1.2"
  resolved "https://registry.yarnpkg.com/universalify/-/universalify-0.1.2.tgz#b646f69be3942dabcecc9d6639c80dc105efaa66"

unquote@~1.1.1:
  version "1.1.1"
  resolved "https://registry.yarnpkg.com/unquote/-/unquote-1.1.1.tgz#8fded7324ec6e88a0ff8b905e7c098cdc086d544"

util.promisify@~1.0.0:
  version "1.0.0"
  resolved "https://registry.yarnpkg.com/util.promisify/-/util.promisify-1.0.0.tgz#440f7165a459c9a16dc145eb8e72f35687097030"
  dependencies:
    define-properties "^1.1.2"
    object.getownpropertydescriptors "^2.0.3"

uuid@^3.3.2:
  version "3.3.2"
  resolved "https://registry.yarnpkg.com/uuid/-/uuid-3.3.2.tgz#1b4af4955eb3077c501c23872fc6513811587131"

vscode-jsonrpc@^4.0.0:
  version "4.0.0"
  resolved "https://registry.yarnpkg.com/vscode-jsonrpc/-/vscode-jsonrpc-4.0.0.tgz#a7bf74ef3254d0a0c272fab15c82128e378b3be9"

vscode-languageserver-protocol@^3.15.0-next.1:
  version "3.15.0-next.1"
  resolved "https://registry.yarnpkg.com/vscode-languageserver-protocol/-/vscode-languageserver-protocol-3.15.0-next.1.tgz#1e45e224d7eef8c79b4bed75b9dcb1930d2ab8ed"
  dependencies:
    vscode-jsonrpc "^4.0.0"
    vscode-languageserver-types "3.14.0"

vscode-languageserver-types@3.14.0, vscode-languageserver-types@^3.14.0:
  version "3.14.0"
  resolved "https://registry.yarnpkg.com/vscode-languageserver-types/-/vscode-languageserver-types-3.14.0.tgz#d3b5952246d30e5241592b6dde8280e03942e743"

vscode-uri@^1.0.6:
  version "1.0.6"
  resolved "https://registry.yarnpkg.com/vscode-uri/-/vscode-uri-1.0.6.tgz#6b8f141b0bbc44ad7b07e94f82f168ac7608ad4d"

which@^1.3.1:
  version "1.3.1"
  resolved "https://registry.yarnpkg.com/which/-/which-1.3.1.tgz#a45043d54f5805316da8d62f9f50918d3da70b0a"
  dependencies:
    isexe "^2.0.0"

wrappy@1:
  version "1.0.2"
  resolved "https://registry.yarnpkg.com/wrappy/-/wrappy-1.0.2.tgz#b5243d8f3ec1aa35f1364605bc0d1036e30ab69f"
